// !$*UTF8*$!
{
	archiveVersion = 1;
	classes = {
	};
	objectVersion = 50;
	objects = {

/* Begin PBXBuildFile section */
		0ACAB4352465486A00C43235 /* AppDelegate.m in Sources */ = {isa = PBXBuildFile; fileRef = 0ACAB4342465486A00C43235 /* AppDelegate.m */; };
		0ACAB4382465486A00C43235 /* SceneDelegate.m in Sources */ = {isa = PBXBuildFile; fileRef = 0ACAB4372465486A00C43235 /* SceneDelegate.m */; };
		0ACAB43B2465486A00C43235 /* ViewController.m in Sources */ = {isa = PBXBuildFile; fileRef = 0ACAB43A2465486A00C43235 /* ViewController.m */; };
		0ACAB43E2465486A00C43235 /* Main.storyboard in Resources */ = {isa = PBXBuildFile; fileRef = 0ACAB43C2465486A00C43235 /* Main.storyboard */; };
		0ACAB4402465486C00C43235 /* Assets.xcassets in Resources */ = {isa = PBXBuildFile; fileRef = 0ACAB43F2465486C00C43235 /* Assets.xcassets */; };
		0ACAB4432465486C00C43235 /* LaunchScreen.storyboard in Resources */ = {isa = PBXBuildFile; fileRef = 0ACAB4412465486C00C43235 /* LaunchScreen.storyboard */; };
		0ACAB4462465486C00C43235 /* main.m in Sources */ = {isa = PBXBuildFile; fileRef = 0ACAB4452465486C00C43235 /* main.m */; };
		0ACAB45124654AD400C43235 /* BKYKeyWordsModel.m in Sources */ = {isa = PBXBuildFile; fileRef = 0ACAB44F24654AD400C43235 /* BKYKeyWordsModel.m */; };
		0ACAB45224654AD400C43235 /* BKYSQLHelper.m in Sources */ = {isa = PBXBuildFile; fileRef = 0ACAB45024654AD400C43235 /* BKYSQLHelper.m */; };
		0ACAB45524654D3100C43235 /* localkeys.db in Resources */ = {isa = PBXBuildFile; fileRef = 0ACAB45424654D3100C43235 /* localkeys.db */; };
/* End PBXBuildFile section */

/* Begin PBXFileReference section */
		0ACAB4302465486A00C43235 /* SensitiveWords.app */ = {isa = PBXFileReference; explicitFileType = wrapper.application; includeInIndex = 0; path = SensitiveWords.app; sourceTree = BUILT_PRODUCTS_DIR; };
		0ACAB4332465486A00C43235 /* AppDelegate.h */ = {isa = PBXFileReference; lastKnownFileType = sourcecode.c.h; path = AppDelegate.h; sourceTree = "<group>"; };
		0ACAB4342465486A00C43235 /* AppDelegate.m */ = {isa = PBXFileReference; lastKnownFileType = sourcecode.c.objc; path = AppDelegate.m; sourceTree = "<group>"; };
		0ACAB4362465486A00C43235 /* SceneDelegate.h */ = {isa = PBXFileReference; lastKnownFileType = sourcecode.c.h; path = SceneDelegate.h; sourceTree = "<group>"; };
		0ACAB4372465486A00C43235 /* SceneDelegate.m */ = {isa = PBXFileReference; lastKnownFileType = sourcecode.c.objc; path = SceneDelegate.m; sourceTree = "<group>"; };
		0ACAB4392465486A00C43235 /* ViewController.h */ = {isa = PBXFileReference; lastKnownFileType = sourcecode.c.h; path = ViewController.h; sourceTree = "<group>"; };
		0ACAB43A2465486A00C43235 /* ViewController.m */ = {isa = PBXFileReference; lastKnownFileType = sourcecode.c.objc; path = ViewController.m; sourceTree = "<group>"; };
		0ACAB43D2465486A00C43235 /* Base */ = {isa = PBXFileReference; lastKnownFileType = file.storyboard; name = Base; path = Base.lproj/Main.storyboard; sourceTree = "<group>"; };
		0ACAB43F2465486C00C43235 /* Assets.xcassets */ = {isa = PBXFileReference; lastKnownFileType = folder.assetcatalog; path = Assets.xcassets; sourceTree = "<group>"; };
		0ACAB4422465486C00C43235 /* Base */ = {isa = PBXFileReference; lastKnownFileType = file.storyboard; name = Base; path = Base.lproj/LaunchScreen.storyboard; sourceTree = "<group>"; };
		0ACAB4442465486C00C43235 /* Info.plist */ = {isa = PBXFileReference; lastKnownFileType = text.plist.xml; path = Info.plist; sourceTree = "<group>"; };
		0ACAB4452465486C00C43235 /* main.m */ = {isa = PBXFileReference; lastKnownFileType = sourcecode.c.objc; path = main.m; sourceTree = "<group>"; };
		0ACAB44D24654AD400C43235 /* BKYKeyWordsModel.h */ = {isa = PBXFileReference; fileEncoding = 4; lastKnownFileType = sourcecode.c.h; path = BKYKeyWordsModel.h; sourceTree = "<group>"; };
		0ACAB44E24654AD400C43235 /* BKYSQLHelper.h */ = {isa = PBXFileReference; fileEncoding = 4; lastKnownFileType = sourcecode.c.h; path = BKYSQLHelper.h; sourceTree = "<group>"; };
		0ACAB44F24654AD400C43235 /* BKYKeyWordsModel.m */ = {isa = PBXFileReference; fileEncoding = 4; lastKnownFileType = sourcecode.c.objc; path = BKYKeyWordsModel.m; sourceTree = "<group>"; };
		0ACAB45024654AD400C43235 /* BKYSQLHelper.m */ = {isa = PBXFileReference; fileEncoding = 4; lastKnownFileType = sourcecode.c.objc; path = BKYSQLHelper.m; sourceTree = "<group>"; };
		0ACAB45424654D3100C43235 /* localkeys.db */ = {isa = PBXFileReference; lastKnownFileType = file; path = localkeys.db; sourceTree = "<group>"; };
/* End PBXFileReference section */

/* Begin PBXFrameworksBuildPhase section */
		0ACAB42D2465486A00C43235 /* Frameworks */ = {
			isa = PBXFrameworksBuildPhase;
			buildActionMask = 2147483647;
			files = (
			);
			runOnlyForDeploymentPostprocessing = 0;
		};
/* End PBXFrameworksBuildPhase section */

/* Begin PBXGroup section */
		0ACAB4272465486A00C43235 = {
			isa = PBXGroup;
			children = (
				0ACAB4322465486A00C43235 /* SensitiveWords */,
				0ACAB4312465486A00C43235 /* Products */,
			);
			sourceTree = "<group>";
		};
		0ACAB4312465486A00C43235 /* Products */ = {
			isa = PBXGroup;
			children = (
				0ACAB4302465486A00C43235 /* SensitiveWords.app */,
			);
			name = Products;
			sourceTree = "<group>";
		};
		0ACAB4322465486A00C43235 /* SensitiveWords */ = {
			isa = PBXGroup;
			children = (
				0ACAB44C24654AD400C43235 /* SQL */,
				0ACAB4332465486A00C43235 /* AppDelegate.h */,
				0ACAB4342465486A00C43235 /* AppDelegate.m */,
				0ACAB4362465486A00C43235 /* SceneDelegate.h */,
				0ACAB4372465486A00C43235 /* SceneDelegate.m */,
				0ACAB4392465486A00C43235 /* ViewController.h */,
				0ACAB43A2465486A00C43235 /* ViewController.m */,
				0ACAB43C2465486A00C43235 /* Main.storyboard */,
				0ACAB43F2465486C00C43235 /* Assets.xcassets */,
				0ACAB4412465486C00C43235 /* LaunchScreen.storyboard */,
				0ACAB4442465486C00C43235 /* Info.plist */,
				0ACAB4452465486C00C43235 /* main.m */,
			);
			path = SensitiveWords;
			sourceTree = "<group>";
		};
		0ACAB44C24654AD400C43235 /* SQL */ = {
			isa = PBXGroup;
			children = (
				0ACAB45324654D3100C43235 /* SQLSOURCE */,
				0ACAB44E24654AD400C43235 /* BKYSQLHelper.h */,
				0ACAB45024654AD400C43235 /* BKYSQLHelper.m */,
				0ACAB44D24654AD400C43235 /* BKYKeyWordsModel.h */,
				0ACAB44F24654AD400C43235 /* BKYKeyWordsModel.m */,
			);
			path = SQL;
			sourceTree = "<group>";
		};
		0ACAB45324654D3100C43235 /* SQLSOURCE */ = {
			isa = PBXGroup;
			children = (
				0ACAB45424654D3100C43235 /* localkeys.db */,
			);
			path = SQLSOURCE;
			sourceTree = "<group>";
		};
/* End PBXGroup section */

/* Begin PBXNativeTarget section */
		0ACAB42F2465486A00C43235 /* SensitiveWords */ = {
			isa = PBXNativeTarget;
			buildConfigurationList = 0ACAB4492465486C00C43235 /* Build configuration list for PBXNativeTarget "SensitiveWords" */;
			buildPhases = (
				0ACAB42C2465486A00C43235 /* Sources */,
				0ACAB42D2465486A00C43235 /* Frameworks */,
				0ACAB42E2465486A00C43235 /* Resources */,
			);
			buildRules = (
			);
			dependencies = (
			);
			name = SensitiveWords;
			productName = SensitiveWords;
			productReference = 0ACAB4302465486A00C43235 /* SensitiveWords.app */;
			productType = "com.apple.product-type.application";
		};
/* End PBXNativeTarget section */

/* Begin PBXProject section */
		0ACAB4282465486A00C43235 /* Project object */ = {
			isa = PBXProject;
			attributes = {
				LastUpgradeCheck = 1130;
				ORGANIZATIONNAME = kevin;
				TargetAttributes = {
					0ACAB42F2465486A00C43235 = {
						CreatedOnToolsVersion = 11.3.1;
					};
				};
			};
			buildConfigurationList = 0ACAB42B2465486A00C43235 /* Build configuration list for PBXProject "SensitiveWords" */;
			compatibilityVersion = "Xcode 9.3";
			developmentRegion = en;
			hasScannedForEncodings = 0;
			knownRegions = (
				en,
				Base,
			);
			mainGroup = 0ACAB4272465486A00C43235;
			productRefGroup = 0ACAB4312465486A00C43235 /* Products */;
			projectDirPath = "";
			projectRoot = "";
			targets = (
				0ACAB42F2465486A00C43235 /* SensitiveWords */,
			);
		};
/* End PBXProject section */

/* Begin PBXResourcesBuildPhase section */
		0ACAB42E2465486A00C43235 /* Resources */ = {
			isa = PBXResourcesBuildPhase;
			buildActionMask = 2147483647;
			files = (
				0ACAB4432465486C00C43235 /* LaunchScreen.storyboard in Resources */,
				0ACAB4402465486C00C43235 /* Assets.xcassets in Resources */,
				0ACAB43E2465486A00C43235 /* Main.storyboard in Resources */,
				0ACAB45524654D3100C43235 /* localkeys.db in Resources */,
			);
			runOnlyForDeploymentPostprocessing = 0;
		};
/* End PBXResourcesBuildPhase section */

/* Begin PBXSourcesBuildPhase section */
		0ACAB42C2465486A00C43235 /* Sources */ = {
			isa = PBXSourcesBuildPhase;
			buildActionMask = 2147483647;
			files = (
				0ACAB43B2465486A00C43235 /* ViewController.m in Sources */,
				0ACAB45124654AD400C43235 /* BKYKeyWordsModel.m in Sources */,
				0ACAB4352465486A00C43235 /* AppDelegate.m in Sources */,
				0ACAB45224654AD400C43235 /* BKYSQLHelper.m in Sources */,
				0ACAB4462465486C00C43235 /* main.m in Sources */,
				0ACAB4382465486A00C43235 /* SceneDelegate.m in Sources */,
			);
			runOnlyForDeploymentPostprocessing = 0;
		};
/* End PBXSourcesBuildPhase section */

/* Begin PBXVariantGroup section */
		0ACAB43C2465486A00C43235 /* Main.storyboard */ = {
			isa = PBXVariantGroup;
			children = (
				0ACAB43D2465486A00C43235 /* Base */,
			);
			name = Main.storyboard;
			sourceTree = "<group>";
		};
		0ACAB4412465486C00C43235 /* LaunchScreen.storyboard */ = {
			isa = PBXVariantGroup;
			children = (
				0ACAB4422465486C00C43235 /* Base */,
			);
			name = LaunchScreen.storyboard;
			sourceTree = "<group>";
		};
/* End PBXVariantGroup section */

/* Begin XCBuildConfiguration section */
		0ACAB4472465486C00C43235 /* Debug */ = {
			isa = XCBuildConfiguration;
			buildSettings = {
				ALWAYS_SEARCH_USER_PATHS = NO;
				CLANG_ANALYZER_NONNULL = YES;
				CLANG_ANALYZER_NUMBER_OBJECT_CONVERSION = YES_AGGRESSIVE;
				CLANG_CXX_LANGUAGE_STANDARD = "gnu++14";
				CLANG_CXX_LIBRARY = "libc++";
				CLANG_ENABLE_MODULES = YES;
				CLANG_ENABLE_OBJC_ARC = YES;
				CLANG_ENABLE_OBJC_WEAK = YES;
				CLANG_WARN_BLOCK_CAPTURE_AUTORELEASING = YES;
				CLANG_WARN_BOOL_CONVERSION = YES;
				CLANG_WARN_COMMA = YES;
				CLANG_WARN_CONSTANT_CONVERSION = YES;
				CLANG_WARN_DEPRECATED_OBJC_IMPLEMENTATIONS = YES;
				CLANG_WARN_DIRECT_OBJC_ISA_USAGE = YES_ERROR;
				CLANG_WARN_DOCUMENTATION_COMMENTS = YES;
				CLANG_WARN_EMPTY_BODY = YES;
				CLANG_WARN_ENUM_CONVERSION = YES;
				CLANG_WARN_INFINITE_RECURSION = YES;
				CLANG_WARN_INT_CONVERSION = YES;
				CLANG_WARN_NON_LITERAL_NULL_CONVERSION = YES;
				CLANG_WARN_OBJC_IMPLICIT_RETAIN_SELF = YES;
				CLANG_WARN_OBJC_LITERAL_CONVERSION = YES;
				CLANG_WARN_OBJC_ROOT_CLASS = YES_ERROR;
				CLANG_WARN_RANGE_LOOP_ANALYSIS = YES;
				CLANG_WARN_STRICT_PROTOTYPES = YES;
				CLANG_WARN_SUSPICIOUS_MOVE = YES;
				CLANG_WARN_UNGUARDED_AVAILABILITY = YES_AGGRESSIVE;
				CLANG_WARN_UNREACHABLE_CODE = YES;
				CLANG_WARN__DUPLICATE_METHOD_MATCH = YES;
				COPY_PHASE_STRIP = NO;
				DEBUG_INFORMATION_FORMAT = dwarf;
				ENABLE_STRICT_OBJC_MSGSEND = YES;
				ENABLE_TESTABILITY = YES;
				GCC_C_LANGUAGE_STANDARD = gnu11;
				GCC_DYNAMIC_NO_PIC = NO;
				GCC_NO_COMMON_BLOCKS = YES;
				GCC_OPTIMIZATION_LEVEL = 0;
				GCC_PREPROCESSOR_DEFINITIONS = (
					"DEBUG=1",
					"$(inherited)",
				);
				GCC_WARN_64_TO_32_BIT_CONVERSION = YES;
				GCC_WARN_ABOUT_RETURN_TYPE = YES_ERROR;
				GCC_WARN_UNDECLARED_SELECTOR = YES;
				GCC_WARN_UNINITIALIZED_AUTOS = YES_AGGRESSIVE;
				GCC_WARN_UNUSED_FUNCTION = YES;
				GCC_WARN_UNUSED_VARIABLE = YES;
				IPHONEOS_DEPLOYMENT_TARGET = 13.2;
				MTL_ENABLE_DEBUG_INFO = INCLUDE_SOURCE;
				MTL_FAST_MATH = YES;
				ONLY_ACTIVE_ARCH = YES;
				SDKROOT = iphoneos;
			};
			name = Debug;
		};
		0ACAB4482465486C00C43235 /* Release */ = {
			isa = XCBuildConfiguration;
			buildSettings = {
				ALWAYS_SEARCH_USER_PATHS = NO;
				CLANG_ANALYZER_NONNULL = YES;
				CLANG_ANALYZER_NUMBER_OBJECT_CONVERSION = YES_AGGRESSIVE;
				CLANG_CXX_LANGUAGE_STANDARD = "gnu++14";
				CLANG_CXX_LIBRARY = "libc++";
				CLANG_ENABLE_MODULES = YES;
				CLANG_ENABLE_OBJC_ARC = YES;
				CLANG_ENABLE_OBJC_WEAK = YES;
				CLANG_WARN_BLOCK_CAPTURE_AUTORELEASING = YES;
				CLANG_WARN_BOOL_CONVERSION = YES;
				CLANG_WARN_COMMA = YES;
				CLANG_WARN_CONSTANT_CONVERSION = YES;
				CLANG_WARN_DEPRECATED_OBJC_IMPLEMENTATIONS = YES;
				CLANG_WARN_DIRECT_OBJC_ISA_USAGE = YES_ERROR;
				CLANG_WARN_DOCUMENTATION_COMMENTS = YES;
				CLANG_WARN_EMPTY_BODY = YES;
				CLANG_WARN_ENUM_CONVERSION = YES;
				CLANG_WARN_INFINITE_RECURSION = YES;
				CLANG_WARN_INT_CONVERSION = YES;
				CLANG_WARN_NON_LITERAL_NULL_CONVERSION = YES;
				CLANG_WARN_OBJC_IMPLICIT_RETAIN_SELF = YES;
				CLANG_WARN_OBJC_LITERAL_CONVERSION = YES;
				CLANG_WARN_OBJC_ROOT_CLASS = YES_ERROR;
				CLANG_WARN_RANGE_LOOP_ANALYSIS = YES;
				CLANG_WARN_STRICT_PROTOTYPES = YES;
				CLANG_WARN_SUSPICIOUS_MOVE = YES;
				CLANG_WARN_UNGUARDED_AVAILABILITY = YES_AGGRESSIVE;
				CLANG_WARN_UNREACHABLE_CODE = YES;
				CLANG_WARN__DUPLICATE_METHOD_MATCH = YES;
				COPY_PHASE_STRIP = NO;
				DEBUG_INFORMATION_FORMAT = "dwarf-with-dsym";
				ENABLE_NS_ASSERTIONS = NO;
				ENABLE_STRICT_OBJC_MSGSEND = YES;
				GCC_C_LANGUAGE_STANDARD = gnu11;
				GCC_NO_COMMON_BLOCKS = YES;
				GCC_WARN_64_TO_32_BIT_CONVERSION = YES;
				GCC_WARN_ABOUT_RETURN_TYPE = YES_ERROR;
				GCC_WARN_UNDECLARED_SELECTOR = YES;
				GCC_WARN_UNINITIALIZED_AUTOS = YES_AGGRESSIVE;
				GCC_WARN_UNUSED_FUNCTION = YES;
				GCC_WARN_UNUSED_VARIABLE = YES;
				IPHONEOS_DEPLOYMENT_TARGET = 13.2;
				MTL_ENABLE_DEBUG_INFO = NO;
				MTL_FAST_MATH = YES;
				SDKROOT = iphoneos;
				VALIDATE_PRODUCT = YES;
			};
			name = Release;
		};
		0ACAB44A2465486C00C43235 /* Debug */ = {
			isa = XCBuildConfiguration;
			buildSettings = {
				ASSETCATALOG_COMPILER_APPICON_NAME = AppIcon;
				CODE_SIGN_STYLE = Automatic;
				INFOPLIST_FILE = SensitiveWords/Info.plist;
				LD_RUNPATH_SEARCH_PATHS = (
					"$(inherited)",
					"@executable_path/Frameworks",
				);
				PRODUCT_BUNDLE_IDENTIFIER = SensitiveWords.SensitiveWords;
				PRODUCT_NAME = "$(TARGET_NAME)";
				TARGETED_DEVICE_FAMILY = "1,2";
			};
			name = Debug;
		};
		0ACAB44B2465486C00C43235 /* Release */ = {
			isa = XCBuildConfiguration;
			buildSettings = {
				ASSETCATALOG_COMPILER_APPICON_NAME = AppIcon;
				CODE_SIGN_STYLE = Automatic;
				INFOPLIST_FILE = SensitiveWords/Info.plist;
				LD_RUNPATH_SEARCH_PATHS = (
					"$(inherited)",
					"@executable_path/Frameworks",
				);
				PRODUCT_BUNDLE_IDENTIFIER = SensitiveWords.SensitiveWords;
				PRODUCT_NAME = "$(TARGET_NAME)";
				TARGETED_DEVICE_FAMILY = "1,2";
			};
			name = Release;
		};
/* End XCBuildConfiguration section */

/* Begin XCConfigurationList section */
		0ACAB42B2465486A00C43235 /* Build configuration list for PBXProject "SensitiveWords" */ = {
			isa = XCConfigurationList;
			buildConfigurations = (
				0ACAB4472465486C00C43235 /* Debug */,
				0ACAB4482465486C00C43235 /* Release */,
			);
			defaultConfigurationIsVisible = 0;
			defaultConfigurationName = Release;
		};
		0ACAB4492465486C00C43235 /* Build configuration list for PBXNativeTarget "SensitiveWords" */ = {
			isa = XCConfigurationList;
			buildConfigurations = (
				0ACAB44A2465486C00C43235 /* Debug */,
				0ACAB44B2465486C00C43235 /* Release */,
			);
			defaultConfigurationIsVisible = 0;
			defaultConfigurationName = Release;
		};
/* End XCConfigurationList section */
	};
	rootObject = 0ACAB4282465486A00C43235 /* Project object */;
}
